
Microsoft Visual Studio Solution File, Format Version 12.00
# Visual Studio Version 16
VisualStudioVersion = 16.0.30002.166
MinimumVisualStudioVersion = 10.0.40219.1
Project("{FAE04EC0-301F-11D3-BF4B-00C04F79EFBC}") = "WorldOfTask", "WorldOfTask\WorldOfTask.csproj", "{259CD690-2A13-4591-B676-0CF091284408}"
EndProject
Project("{FAE04EC0-301F-11D3-BF4B-00C04F79EFBC}") = "TankLib", "TankLib\TankLib.csproj", "{1BAFE570-C675-409C-B91A-E0BCE77157F1}"
EndProject
Global
	GlobalSection(SolutionConfigurationPlatforms) = preSolution
		Debug|Any CPU = Debug|Any CPU
		Release|Any CPU = Release|Any CPU
	EndGlobalSection
	GlobalSection(ProjectConfigurationPlatforms) = postSolution
		{259CD690-2A13-4591-B676-0CF091284408}.Debug|Any CPU.ActiveCfg = Debug|Any CPU
		{259CD690-2A13-4591-B676-0CF091284408}.Debug|Any CPU.Build.0 = Debug|Any CPU
		{259CD690-2A13-4591-B676-0CF091284408}.Release|Any CPU.ActiveCfg = Release|Any CPU
		{259CD690-2A13-4591-B676-0CF091284408}.Release|Any CPU.Build.0 = Release|Any CPU
		{1BAFE570-C675-409C-B91A-E0BCE77157F1}.Debug|Any CPU.ActiveCfg = Debug|Any CPU
		{1BAFE570-C675-409C-B91A-E0BCE77157F1}.Debug|Any CPU.Build.0 = Debug|Any CPU
		{1BAFE570-C675-409C-B91A-E0BCE77157F1}.Release|Any CPU.ActiveCfg = Release|Any CPU
		{1BAFE570-C675-409C-B91A-E0BCE77157F1}.Release|Any CPU.Build.0 = Release|Any CPU
	EndGlobalSection
	GlobalSection(SolutionProperties) = preSolution
		HideSolutionNode = FALSE
	EndGlobalSection
	GlobalSection(ExtensibilityGlobals) = postSolution
		SolutionGuid = {5F137D44-B821-412F-9E40-F09E7118E50D}
	EndGlobalSection
EndGlobal
